Microsoft Visual Studio Solution File, Format Version 11.00
# Visual Studio 2008

Project("{0A4E821C-A5AC-4BCD-FD4F-8316BA585BC4}") = "SteeringProject", "Assembly-CSharp.csproj", "{4FCB713A-6117-44D7-73C8-E6B861DA5B08}"
EndProject
Global
	GlobalSection(SolutionConfigurationPlatforms) = preSolution
		Debug|Any CPU = Debug|Any CPU
		Release|Any CPU = Release|Any CPU
	EndGlobalSection
	GlobalSection(ProjectConfigurationPlatforms) = postSolution
		{4FCB713A-6117-44D7-73C8-E6B861DA5B08}.Debug|Any CPU.ActiveCfg = Debug|Any CPU
		{4FCB713A-6117-44D7-73C8-E6B861DA5B08}.Debug|Any CPU.Build.0 = Debug|Any CPU
		{4FCB713A-6117-44D7-73C8-E6B861DA5B08}.Release|Any CPU.ActiveCfg = Release|Any CPU
		{4FCB713A-6117-44D7-73C8-E6B861DA5B08}.Release|Any CPU.Build.0 = Release|Any CPU
	EndGlobalSection
	GlobalSection(SolutionProperties) = preSolution
		HideSolutionNode = FALSE
	EndGlobalSection
	GlobalSection(MonoDevelopProperties) = preSolution
		StartupItem = Assembly-CSharp.csproj
	EndGlobalSection
EndGlobal
